// !$*UTF8*$!
{
	archiveVersion = 1;
	classes = {
	};
	objectVersion = 55;
	objects = {

/* Begin PBXBuildFile section */
		D95977F42832E2F8008B0092 /* AppDelegate.swift in Sources */ = {isa = PBXBuildFile; fileRef = D95977F32832E2F8008B0092 /* AppDelegate.swift */; };
		D95977F62832E2F8008B0092 /* SceneDelegate.swift in Sources */ = {isa = PBXBuildFile; fileRef = D95977F52832E2F8008B0092 /* SceneDelegate.swift */; };
		D95977FB2832E2F8008B0092 /* Main.storyboard in Resources */ = {isa = PBXBuildFile; fileRef = D95977F92832E2F8008B0092 /* Main.storyboard */; };
		D95977FD2832E2F9008B0092 /* Assets.xcassets in Resources */ = {isa = PBXBuildFile; fileRef = D95977FC2832E2F9008B0092 /* Assets.xcassets */; };
		D95978002832E2F9008B0092 /* LaunchScreen.storyboard in Resources */ = {isa = PBXBuildFile; fileRef = D95977FE2832E2F9008B0092 /* LaunchScreen.storyboard */; };
		D959780A2832E635008B0092 /* Food.swift in Sources */ = {isa = PBXBuildFile; fileRef = D95978092832E635008B0092 /* Food.swift */; };
		D95978122832F51B008B0092 /* ViewController.swift in Sources */ = {isa = PBXBuildFile; fileRef = D95978112832F51B008B0092 /* ViewController.swift */; };
		D9F27D1B2834182B0076348F /* FoodTableView.swift in Sources */ = {isa = PBXBuildFile; fileRef = D9F27D1A2834182B0076348F /* FoodTableView.swift */; };
/* End PBXBuildFile section */

/* Begin PBXFileReference section */
		D95977F02832E2F8008B0092 /* Assignment7-NavBarAnimationCopy.app */ = {isa = PBXFileReference; explicitFileType = wrapper.application; includeInIndex = 0; path = "Assignment7-NavBarAnimationCopy.app"; sourceTree = BUILT_PRODUCTS_DIR; };
		D95977F32832E2F8008B0092 /* AppDelegate.swift */ = {isa = PBXFileReference; lastKnownFileType = sourcecode.swift; path = AppDelegate.swift; sourceTree = "<group>"; };
		D95977F52832E2F8008B0092 /* SceneDelegate.swift */ = {isa = PBXFileReference; lastKnownFileType = sourcecode.swift; path = SceneDelegate.swift; sourceTree = "<group>"; };
		D95977FA2832E2F8008B0092 /* Base */ = {isa = PBXFileReference; lastKnownFileType = file.storyboard; name = Base; path = Base.lproj/Main.storyboard; sourceTree = "<group>"; };
		D95977FC2832E2F9008B0092 /* Assets.xcassets */ = {isa = PBXFileReference; lastKnownFileType = folder.assetcatalog; path = Assets.xcassets; sourceTree = "<group>"; };
		D95977FF2832E2F9008B0092 /* Base */ = {isa = PBXFileReference; lastKnownFileType = file.storyboard; name = Base; path = Base.lproj/LaunchScreen.storyboard; sourceTree = "<group>"; };
		D95978012832E2F9008B0092 /* Info.plist */ = {isa = PBXFileReference; lastKnownFileType = text.plist.xml; path = Info.plist; sourceTree = "<group>"; };
		D95978092832E635008B0092 /* Food.swift */ = {isa = PBXFileReference; lastKnownFileType = sourcecode.swift; path = Food.swift; sourceTree = "<group>"; };
		D95978112832F51B008B0092 /* ViewController.swift */ = {isa = PBXFileReference; lastKnownFileType = sourcecode.swift; name = ViewController.swift; path = ../ViewController.swift; sourceTree = "<group>"; };
		D9F27D1A2834182B0076348F /* FoodTableView.swift */ = {isa = PBXFileReference; lastKnownFileType = sourcecode.swift; path = FoodTableView.swift; sourceTree = "<group>"; };
/* End PBXFileReference section */

/* Begin PBXFrameworksBuildPhase section */
		D95977ED2832E2F8008B0092 /* Frameworks */ = {
			isa = PBXFrameworksBuildPhase;
			buildActionMask = 2147483647;
			files = (
			);
			runOnlyForDeploymentPostprocessing = 0;
		};
/* End PBXFrameworksBuildPhase section */

/* Begin PBXGroup section */
		D95977E72832E2F8008B0092 = {
			isa = PBXGroup;
			children = (
				D95977F22832E2F8008B0092 /* Assignment7-NavBarAnimation */,
				D95977F12832E2F8008B0092 /* Products */,
			);
			sourceTree = "<group>";
		};
		D95977F12832E2F8008B0092 /* Products */ = {
			isa = PBXGroup;
			children = (
				D95977F02832E2F8008B0092 /* Assignment7-NavBarAnimationCopy.app */,
			);
			name = Products;
			sourceTree = "<group>";
		};
		D95977F22832E2F8008B0092 /* Assignment7-NavBarAnimation */ = {
			isa = PBXGroup;
			children = (
				D9F27D1E28341AE50076348F /* Supporting Files */,
				D9F27D1D28341AD50076348F /* Model */,
				D9F27D1C28341ACA0076348F /* Views */,
				D959780B2832EAFE008B0092 /* View Controllers */,
				D95977F92832E2F8008B0092 /* Main.storyboard */,
				D95978012832E2F9008B0092 /* Info.plist */,
			);
			path = "Assignment7-NavBarAnimation";
			sourceTree = "<group>";
		};
		D959780B2832EAFE008B0092 /* View Controllers */ = {
			isa = PBXGroup;
			children = (
				D95978112832F51B008B0092 /* ViewController.swift */,
			);
			path = "View Controllers";
			sourceTree = "<group>";
		};
		D9F27D1C28341ACA0076348F /* Views */ = {
			isa = PBXGroup;
			children = (
				D9F27D1A2834182B0076348F /* FoodTableView.swift */,
			);
			path = Views;
			sourceTree = "<group>";
		};
		D9F27D1D28341AD50076348F /* Model */ = {
			isa = PBXGroup;
			children = (
				D95978092832E635008B0092 /* Food.swift */,
			);
			path = Model;
			sourceTree = "<group>";
		};
		D9F27D1E28341AE50076348F /* Supporting Files */ = {
			isa = PBXGroup;
			children = (
				D95977F52832E2F8008B0092 /* SceneDelegate.swift */,
				D95977FC2832E2F9008B0092 /* Assets.xcassets */,
				D95977F32832E2F8008B0092 /* AppDelegate.swift */,
				D95977FE2832E2F9008B0092 /* LaunchScreen.storyboard */,
			);
			path = "Supporting Files";
			sourceTree = "<group>";
		};
/* End PBXGroup section */

/* Begin PBXNativeTarget section */
		D95977EF2832E2F8008B0092 /* Assignment7-NavBarAnimationCopy */ = {
			isa = PBXNativeTarget;
			buildConfigurationList = D95978042832E2F9008B0092 /* Build configuration list for PBXNativeTarget "Assignment7-NavBarAnimationCopy" */;
			buildPhases = (
				D95977EC2832E2F8008B0092 /* Sources */,
				D95977ED2832E2F8008B0092 /* Frameworks */,
				D95977EE2832E2F8008B0092 /* Resources */,
			);
			buildRules = (
			);
			dependencies = (
			);
			name = "Assignment7-NavBarAnimationCopy";
			productName = "Assignment7-NavBarAnimation";
			productReference = D95977F02832E2F8008B0092 /* Assignment7-NavBarAnimationCopy.app */;
			productType = "com.apple.product-type.application";
		};
/* End PBXNativeTarget section */

/* Begin PBXProject section */
		D95977E82832E2F8008B0092 /* Project object */ = {
			isa = PBXProject;
			attributes = {
				BuildIndependentTargetsInParallel = 1;
				LastSwiftUpdateCheck = 1330;
				LastUpgradeCheck = 1330;
				TargetAttributes = {
					D95977EF2832E2F8008B0092 = {
						CreatedOnToolsVersion = 13.3.1;
					};
				};
			};
			buildConfigurationList = D95977EB2832E2F8008B0092 /* Build configuration list for PBXProject "Assignment7-NavBarAnimationCopy" */;
			compatibilityVersion = "Xcode 13.0";
			developmentRegion = en;
			hasScannedForEncodings = 0;
			knownRegions = (
				en,
				Base,
			);
			mainGroup = D95977E72832E2F8008B0092;
			productRefGroup = D95977F12832E2F8008B0092 /* Products */;
			projectDirPath = "";
			projectRoot = "";
			targets = (
				D95977EF2832E2F8008B0092 /* Assignment7-NavBarAnimationCopy */,
			);
		};
/* End PBXProject section */

/* Begin PBXResourcesBuildPhase section */
		D95977EE2832E2F8008B0092 /* Resources */ = {
			isa = PBXResourcesBuildPhase;
			buildActionMask = 2147483647;
			files = (
				D95978002832E2F9008B0092 /* LaunchScreen.storyboard in Resources */,
				D95977FD2832E2F9008B0092 /* Assets.xcassets in Resources */,
				D95977FB2832E2F8008B0092 /* Main.storyboard in Resources */,
			);
			runOnlyForDeploymentPostprocessing = 0;
		};
/* End PBXResourcesBuildPhase section */

/* Begin PBXSourcesBuildPhase section */
		D95977EC2832E2F8008B0092 /* Sources */ = {
			isa = PBXSourcesBuildPhase;
			buildActionMask = 2147483647;
			files = (
				D95977F42832E2F8008B0092 /* AppDelegate.swift in Sources */,
				D959780A2832E635008B0092 /* Food.swift in Sources */,
				D9F27D1B2834182B0076348F /* FoodTableView.swift in Sources */,
				D95978122832F51B008B0092 /* ViewController.swift in Sources */,
				D95977F62832E2F8008B0092 /* SceneDelegate.swift in Sources */,
			);
			runOnlyForDeploymentPostprocessing = 0;
		};
/* End PBXSourcesBuildPhase section */

/* Begin PBXVariantGroup section */
		D95977F92832E2F8008B0092 /* Main.storyboard */ = {
			isa = PBXVariantGroup;
			children = (
				D95977FA2832E2F8008B0092 /* Base */,
			);
			name = Main.storyboard;
			sourceTree = "<group>";
		};
		D95977FE2832E2F9008B0092 /* LaunchScreen.storyboard */ = {
			isa = PBXVariantGroup;
			children = (
				D95977FF2832E2F9008B0092 /* Base */,
			);
			name = LaunchScreen.storyboard;
			sourceTree = "<group>";
		};
/* End PBXVariantGroup section */

/* Begin XCBuildConfiguration section */
		D95978022832E2F9008B0092 /* Debug */ = {
			isa = XCBuildConfiguration;
			buildSettings = {
				ALWAYS_SEARCH_USER_PATHS = NO;
				CLANG_ANALYZER_NONNULL = YES;
				CLANG_ANALYZER_NUMBER_OBJECT_CONVERSION = YES_AGGRESSIVE;
				CLANG_CXX_LANGUAGE_STANDARD = "gnu++17";
				CLANG_ENABLE_MODULES = YES;
				CLANG_ENABLE_OBJC_ARC = YES;
				CLANG_ENABLE_OBJC_WEAK = YES;
				CLANG_WARN_BLOCK_CAPTURE_AUTORELEASING = YES;
				CLANG_WARN_BOOL_CONVERSION = YES;
				CLANG_WARN_COMMA = YES;
				CLANG_WARN_CONSTANT_CONVERSION = YES;
				CLANG_WARN_DEPRECATED_OBJC_IMPLEMENTATIONS = YES;
				CLANG_WARN_DIRECT_OBJC_ISA_USAGE = YES_ERROR;
				CLANG_WARN_DOCUMENTATION_COMMENTS = YES;
				CLANG_WARN_EMPTY_BODY = YES;
				CLANG_WARN_ENUM_CONVERSION = YES;
				CLANG_WARN_INFINITE_RECURSION = YES;
				CLANG_WARN_INT_CONVERSION = YES;
				CLANG_WARN_NON_LITERAL_NULL_CONVERSION = YES;
				CLANG_WARN_OBJC_IMPLICIT_RETAIN_SELF = YES;
				CLANG_WARN_OBJC_LITERAL_CONVERSION = YES;
				CLANG_WARN_OBJC_ROOT_CLASS = YES_ERROR;
				CLANG_WARN_QUOTED_INCLUDE_IN_FRAMEWORK_HEADER = YES;
				CLANG_WARN_RANGE_LOOP_ANALYSIS = YES;
				CLANG_WARN_STRICT_PROTOTYPES = YES;
				CLANG_WARN_SUSPICIOUS_MOVE = YES;
				CLANG_WARN_UNGUARDED_AVAILABILITY = YES_AGGRESSIVE;
				CLANG_WARN_UNREACHABLE_CODE = YES;
				CLANG_WARN__DUPLICATE_METHOD_MATCH = YES;
				COPY_PHASE_STRIP = NO;
				DEBUG_INFORMATION_FORMAT = dwarf;
				ENABLE_STRICT_OBJC_MSGSEND = YES;
				ENABLE_TESTABILITY = YES;
				GCC_C_LANGUAGE_STANDARD = gnu11;
				GCC_DYNAMIC_NO_PIC = NO;
				GCC_NO_COMMON_BLOCKS = YES;
				GCC_OPTIMIZATION_LEVEL = 0;
				GCC_PREPROCESSOR_DEFINITIONS = (
					"DEBUG=1",
					"$(inherited)",
				);
				GCC_WARN_64_TO_32_BIT_CONVERSION = YES;
				GCC_WARN_ABOUT_RETURN_TYPE = YES_ERROR;
				GCC_WARN_UNDECLARED_SELECTOR = YES;
				GCC_WARN_UNINITIALIZED_AUTOS = YES_AGGRESSIVE;
				GCC_WARN_UNUSED_FUNCTION = YES;
				GCC_WARN_UNUSED_VARIABLE = YES;
				IPHONEOS_DEPLOYMENT_TARGET = 15.4;
				MTL_ENABLE_DEBUG_INFO = INCLUDE_SOURCE;
				MTL_FAST_MATH = YES;
				ONLY_ACTIVE_ARCH = YES;
				SDKROOT = iphoneos;
				SWIFT_ACTIVE_COMPILATION_CONDITIONS = DEBUG;
				SWIFT_OPTIMIZATION_LEVEL = "-Onone";
			};
			name = Debug;
		};
		D95978032832E2F9008B0092 /* Release */ = {
			isa = XCBuildConfiguration;
			buildSettings = {
				ALWAYS_SEARCH_USER_PATHS = NO;
				CLANG_ANALYZER_NONNULL = YES;
				CLANG_ANALYZER_NUMBER_OBJECT_CONVERSION = YES_AGGRESSIVE;
				CLANG_CXX_LANGUAGE_STANDARD = "gnu++17";
				CLANG_ENABLE_MODULES = YES;
				CLANG_ENABLE_OBJC_ARC = YES;
				CLANG_ENABLE_OBJC_WEAK = YES;
				CLANG_WARN_BLOCK_CAPTURE_AUTORELEASING = YES;
				CLANG_WARN_BOOL_CONVERSION = YES;
				CLANG_WARN_COMMA = YES;
				CLANG_WARN_CONSTANT_CONVERSION = YES;
				CLANG_WARN_DEPRECATED_OBJC_IMPLEMENTATIONS = YES;
				CLANG_WARN_DIRECT_OBJC_ISA_USAGE = YES_ERROR;
				CLANG_WARN_DOCUMENTATION_COMMENTS = YES;
				CLANG_WARN_EMPTY_BODY = YES;
				CLANG_WARN_ENUM_CONVERSION = YES;
				CLANG_WARN_INFINITE_RECURSION = YES;
				CLANG_WARN_INT_CONVERSION = YES;
				CLANG_WARN_NON_LITERAL_NULL_CONVERSION = YES;
				CLANG_WARN_OBJC_IMPLICIT_RETAIN_SELF = YES;
				CLANG_WARN_OBJC_LITERAL_CONVERSION = YES;
				CLANG_WARN_OBJC_ROOT_CLASS = YES_ERROR;
				CLANG_WARN_QUOTED_INCLUDE_IN_FRAMEWORK_HEADER = YES;
				CLANG_WARN_RANGE_LOOP_ANALYSIS = YES;
				CLANG_WARN_STRICT_PROTOTYPES = YES;
				CLANG_WARN_SUSPICIOUS_MOVE = YES;
				CLANG_WARN_UNGUARDED_AVAILABILITY = YES_AGGRESSIVE;
				CLANG_WARN_UNREACHABLE_CODE = YES;
				CLANG_WARN__DUPLICATE_METHOD_MATCH = YES;
				COPY_PHASE_STRIP = NO;
				DEBUG_INFORMATION_FORMAT = "dwarf-with-dsym";
				ENABLE_NS_ASSERTIONS = NO;
				ENABLE_STRICT_OBJC_MSGSEND = YES;
				GCC_C_LANGUAGE_STANDARD = gnu11;
				GCC_NO_COMMON_BLOCKS = YES;
				GCC_WARN_64_TO_32_BIT_CONVERSION = YES;
				GCC_WARN_ABOUT_RETURN_TYPE = YES_ERROR;
				GCC_WARN_UNDECLARED_SELECTOR = YES;
				GCC_WARN_UNINITIALIZED_AUTOS = YES_AGGRESSIVE;
				GCC_WARN_UNUSED_FUNCTION = YES;
				GCC_WARN_UNUSED_VARIABLE = YES;
				IPHONEOS_DEPLOYMENT_TARGET = 15.4;
				MTL_ENABLE_DEBUG_INFO = NO;
				MTL_FAST_MATH = YES;
				SDKROOT = iphoneos;
				SWIFT_COMPILATION_MODE = wholemodule;
				SWIFT_OPTIMIZATION_LEVEL = "-O";
				VALIDATE_PRODUCT = YES;
			};
			name = Release;
		};
		D95978052832E2F9008B0092 /* Debug */ = {
			isa = XCBuildConfiguration;
			buildSettings = {
				ASSETCATALOG_COMPILER_APPICON_NAME = AppIcon;
				ASSETCATALOG_COMPILER_GLOBAL_ACCENT_COLOR_NAME = AccentColor;
				CODE_SIGN_STYLE = Automatic;
				CURRENT_PROJECT_VERSION = 1;
				DEVELOPMENT_TEAM = S4P7C76N9C;
				GENERATE_INFOPLIST_FILE = YES;
				INFOPLIST_FILE = "Assignment7-NavBarAnimation/Info.plist";
				INFOPLIST_KEY_UIApplicationSupportsIndirectInputEvents = YES;
				INFOPLIST_KEY_UILaunchStoryboardName = LaunchScreen;
				INFOPLIST_KEY_UIMainStoryboardFile = Main;
				INFOPLIST_KEY_UISupportedInterfaceOrientations_iPad = "UIInterfaceOrientationPortrait UIInterfaceOrientationPortraitUpsideDown UIInterfaceOrientationLandscapeLeft UIInterfaceOrientationLandscapeRight";
				INFOPLIST_KEY_UISupportedInterfaceOrientations_iPhone = "UIInterfaceOrientationPortrait UIInterfaceOrientationLandscapeLeft UIInterfaceOrientationLandscapeRight";
				LD_RUNPATH_SEARCH_PATHS = (
					"$(inherited)",
					"@executable_path/Frameworks",
				);
				MARKETING_VERSION = 1.0;
				PRODUCT_BUNDLE_IDENTIFIER = "com.example.Assignment7-NavBarAnimationCopy";
				PRODUCT_NAME = "$(TARGET_NAME)";
				SWIFT_EMIT_LOC_STRINGS = YES;
				SWIFT_VERSION = 5.0;
				TARGETED_DEVICE_FAMILY = "1,2";
			};
			name = Debug;
		};
		D95978062832E2F9008B0092 /* Release */ = {
			isa = XCBuildConfiguration;
			buildSettings = {
				ASSETCATALOG_COMPILER_APPICON_NAME = AppIcon;
				ASSETCATALOG_COMPILER_GLOBAL_ACCENT_COLOR_NAME = AccentColor;
				CODE_SIGN_STYLE = Automatic;
				CURRENT_PROJECT_VERSION = 1;
				DEVELOPMENT_TEAM = S4P7C76N9C;
				GENERATE_INFOPLIST_FILE = YES;
				INFOPLIST_FILE = "Assignment7-NavBarAnimation/Info.plist";
				INFOPLIST_KEY_UIApplicationSupportsIndirectInputEvents = YES;
				INFOPLIST_KEY_UILaunchStoryboardName = LaunchScreen;
				INFOPLIST_KEY_UIMainStoryboardFile = Main;
				INFOPLIST_KEY_UISupportedInterfaceOrientations_iPad = "UIInterfaceOrientationPortrait UIInterfaceOrientationPortraitUpsideDown UIInterfaceOrientationLandscapeLeft UIInterfaceOrientationLandscapeRight";
				INFOPLIST_KEY_UISupportedInterfaceOrientations_iPhone = "UIInterfaceOrientationPortrait UIInterfaceOrientationLandscapeLeft UIInterfaceOrientationLandscapeRight";
				LD_RUNPATH_SEARCH_PATHS = (
					"$(inherited)",
					"@executable_path/Frameworks",
				);
				MARKETING_VERSION = 1.0;
				PRODUCT_BUNDLE_IDENTIFIER = "com.example.Assignment7-NavBarAnimationCopy";
				PRODUCT_NAME = "$(TARGET_NAME)";
				SWIFT_EMIT_LOC_STRINGS = YES;
				SWIFT_VERSION = 5.0;
				TARGETED_DEVICE_FAMILY = "1,2";
			};
			name = Release;
		};
/* End XCBuildConfiguration section */

/* Begin XCConfigurationList section */
		D95977EB2832E2F8008B0092 /* Build configuration list for PBXProject "Assignment7-NavBarAnimationCopy" */ = {
			isa = XCConfigurationList;
			buildConfigurations = (
				D95978022832E2F9008B0092 /* Debug */,
				D95978032832E2F9008B0092 /* Release */,
			);
			defaultConfigurationIsVisible = 0;
			defaultConfigurationName = Release;
		};
		D95978042832E2F9008B0092 /* Build configuration list for PBXNativeTarget "Assignment7-NavBarAnimationCopy" */ = {
			isa = XCConfigurationList;
			buildConfigurations = (
				D95978052832E2F9008B0092 /* Debug */,
				D95978062832E2F9008B0092 /* Release */,
			);
			defaultConfigurationIsVisible = 0;
			defaultConfigurationName = Release;
		};
/* End XCConfigurationList section */
	};
	rootObject = D95977E82832E2F8008B0092 /* Project object */;
}
